
Microsoft Visual Studio Solution File, Format Version 12.00
# Visual Studio 14
VisualStudioVersion = 14.0.24720.0
MinimumVisualStudioVersion = 10.0.40219.1
Project("{F184B08F-C81C-45F6-A57F-5ABD9991F28F}") = "App_test2_デジタル時計", "App_test2_デジタル時計\App_test2_デジタル時計.vbproj", "{F11B7E56-80E1-499C-B76F-FA36DF73590B}"
EndProject
Global
	GlobalSection(SolutionConfigurationPlatforms) = preSolution
		Debug|ARM = Debug|ARM
		Debug|x64 = Debug|x64
		Debug|x86 = Debug|x86
		Release|ARM = Release|ARM
		Release|x64 = Release|x64
		Release|x86 = Release|x86
	EndGlobalSection
	GlobalSection(ProjectConfigurationPlatforms) = postSolution
		{F11B7E56-80E1-499C-B76F-FA36DF73590B}.Debug|ARM.ActiveCfg = Debug|ARM
		{F11B7E56-80E1-499C-B76F-FA36DF73590B}.Debug|ARM.Build.0 = Debug|ARM
		{F11B7E56-80E1-499C-B76F-FA36DF73590B}.Debug|ARM.Deploy.0 = Debug|ARM
		{F11B7E56-80E1-499C-B76F-FA36DF73590B}.Debug|x64.ActiveCfg = Debug|x64
		{F11B7E56-80E1-499C-B76F-FA36DF73590B}.Debug|x64.Build.0 = Debug|x64
		{F11B7E56-80E1-499C-B76F-FA36DF73590B}.Debug|x64.Deploy.0 = Debug|x64
		{F11B7E56-80E1-499C-B76F-FA36DF73590B}.Debug|x86.ActiveCfg = Debug|x86
		{F11B7E56-80E1-499C-B76F-FA36DF73590B}.Debug|x86.Build.0 = Debug|x86
		{F11B7E56-80E1-499C-B76F-FA36DF73590B}.Debug|x86.Deploy.0 = Debug|x86
		{F11B7E56-80E1-499C-B76F-FA36DF73590B}.Release|ARM.ActiveCfg = Release|ARM
		{F11B7E56-80E1-499C-B76F-FA36DF73590B}.Release|ARM.Build.0 = Release|ARM
		{F11B7E56-80E1-499C-B76F-FA36DF73590B}.Release|ARM.Deploy.0 = Release|ARM
		{F11B7E56-80E1-499C-B76F-FA36DF73590B}.Release|x64.ActiveCfg = Release|x64
		{F11B7E56-80E1-499C-B76F-FA36DF73590B}.Release|x64.Build.0 = Release|x64
		{F11B7E56-80E1-499C-B76F-FA36DF73590B}.Release|x64.Deploy.0 = Release|x64
		{F11B7E56-80E1-499C-B76F-FA36DF73590B}.Release|x86.ActiveCfg = Release|x86
		{F11B7E56-80E1-499C-B76F-FA36DF73590B}.Release|x86.Build.0 = Release|x86
		{F11B7E56-80E1-499C-B76F-FA36DF73590B}.Release|x86.Deploy.0 = Release|x86
	EndGlobalSection
	GlobalSection(SolutionProperties) = preSolution
		HideSolutionNode = FALSE
	EndGlobalSection
EndGlobal
