
Microsoft Visual Studio Solution File, Format Version 12.00
# Visual Studio 14
VisualStudioVersion = 14.0.24720.0
MinimumVisualStudioVersion = 10.0.40219.1
Project("{F184B08F-C81C-45F6-A57F-5ABD9991F28F}") = "WpfControlLibraryユーザーコントロール01", "WpfControlLibraryユーザーコントロール01\WpfControlLibraryユーザーコントロール01.vbproj", "{6288CEDB-161A-499E-A6B2-E5C3196A495D}"
EndProject
Project("{F184B08F-C81C-45F6-A57F-5ABD9991F28F}") = "test53_WPFユーザーコントロールを使う", "test53_WPFユーザーコントロールを使う\test53_WPFユーザーコントロールを使う.vbproj", "{80EF8D7F-933A-4CE4-9D7E-441868401181}"
EndProject
Global
	GlobalSection(SolutionConfigurationPlatforms) = preSolution
		Debug|Any CPU = Debug|Any CPU
		Release|Any CPU = Release|Any CPU
	EndGlobalSection
	GlobalSection(ProjectConfigurationPlatforms) = postSolution
		{6288CEDB-161A-499E-A6B2-E5C3196A495D}.Debug|Any CPU.ActiveCfg = Debug|Any CPU
		{6288CEDB-161A-499E-A6B2-E5C3196A495D}.Debug|Any CPU.Build.0 = Debug|Any CPU
		{6288CEDB-161A-499E-A6B2-E5C3196A495D}.Release|Any CPU.ActiveCfg = Release|Any CPU
		{6288CEDB-161A-499E-A6B2-E5C3196A495D}.Release|Any CPU.Build.0 = Release|Any CPU
		{80EF8D7F-933A-4CE4-9D7E-441868401181}.Debug|Any CPU.ActiveCfg = Debug|Any CPU
		{80EF8D7F-933A-4CE4-9D7E-441868401181}.Debug|Any CPU.Build.0 = Debug|Any CPU
		{80EF8D7F-933A-4CE4-9D7E-441868401181}.Release|Any CPU.ActiveCfg = Release|Any CPU
		{80EF8D7F-933A-4CE4-9D7E-441868401181}.Release|Any CPU.Build.0 = Release|Any CPU
	EndGlobalSection
	GlobalSection(SolutionProperties) = preSolution
		HideSolutionNode = FALSE
	EndGlobalSection
EndGlobal
